// !$*UTF8*$!
{
	archiveVersion = 1;
	classes = {
	};
	objectVersion = 55;
	objects = {

/* Begin PBXBuildFile section */
		64619247286C8D4B0077B8A5 /* RomanCalculatorApp.swift in Sources */ = {isa = PBXBuildFile; fileRef = 64619246286C8D4B0077B8A5 /* RomanCalculatorApp.swift */; };
		64619249286C8D4B0077B8A5 /* ContentView.swift in Sources */ = {isa = PBXBuildFile; fileRef = 64619248286C8D4B0077B8A5 /* ContentView.swift */; };
		6461924B286C8D4E0077B8A5 /* Assets.xcassets in Resources */ = {isa = PBXBuildFile; fileRef = 6461924A286C8D4E0077B8A5 /* Assets.xcassets */; };
		6461924E286C8D4E0077B8A5 /* Preview Assets.xcassets in Resources */ = {isa = PBXBuildFile; fileRef = 6461924D286C8D4E0077B8A5 /* Preview Assets.xcassets */; };
		64619258286C8D4F0077B8A5 /* RomanCalculatorTests.swift in Sources */ = {isa = PBXBuildFile; fileRef = 64619257286C8D4F0077B8A5 /* RomanCalculatorTests.swift */; };
		64619262286C8D4F0077B8A5 /* RomanCalculatorUITests.swift in Sources */ = {isa = PBXBuildFile; fileRef = 64619261286C8D4F0077B8A5 /* RomanCalculatorUITests.swift */; };
		64619264286C8D4F0077B8A5 /* RomanCalculatorUITestsLaunchTests.swift in Sources */ = {isa = PBXBuildFile; fileRef = 64619263286C8D4F0077B8A5 /* RomanCalculatorUITestsLaunchTests.swift */; };
		64BE558628806C9A001E79DC /* RomanCalculator.swift in Sources */ = {isa = PBXBuildFile; fileRef = 64BE558528806C9A001E79DC /* RomanCalculator.swift */; };
/* End PBXBuildFile section */

/* Begin PBXContainerItemProxy section */
		64619254286C8D4F0077B8A5 /* PBXContainerItemProxy */ = {
			isa = PBXContainerItemProxy;
			containerPortal = 6461923B286C8D4B0077B8A5 /* Project object */;
			proxyType = 1;
			remoteGlobalIDString = 64619242286C8D4B0077B8A5;
			remoteInfo = RomanCalculator;
		};
		6461925E286C8D4F0077B8A5 /* PBXContainerItemProxy */ = {
			isa = PBXContainerItemProxy;
			containerPortal = 6461923B286C8D4B0077B8A5 /* Project object */;
			proxyType = 1;
			remoteGlobalIDString = 64619242286C8D4B0077B8A5;
			remoteInfo = RomanCalculator;
		};
/* End PBXContainerItemProxy section */

/* Begin PBXFileReference section */
		64619243286C8D4B0077B8A5 /* RomanCalculator.app */ = {isa = PBXFileReference; explicitFileType = wrapper.application; includeInIndex = 0; path = RomanCalculator.app; sourceTree = BUILT_PRODUCTS_DIR; };
		64619246286C8D4B0077B8A5 /* RomanCalculatorApp.swift */ = {isa = PBXFileReference; lastKnownFileType = sourcecode.swift; path = RomanCalculatorApp.swift; sourceTree = "<group>"; };
		64619248286C8D4B0077B8A5 /* ContentView.swift */ = {isa = PBXFileReference; lastKnownFileType = sourcecode.swift; path = ContentView.swift; sourceTree = "<group>"; };
		6461924A286C8D4E0077B8A5 /* Assets.xcassets */ = {isa = PBXFileReference; lastKnownFileType = folder.assetcatalog; path = Assets.xcassets; sourceTree = "<group>"; };
		6461924D286C8D4E0077B8A5 /* Preview Assets.xcassets */ = {isa = PBXFileReference; lastKnownFileType = folder.assetcatalog; path = "Preview Assets.xcassets"; sourceTree = "<group>"; };
		64619253286C8D4F0077B8A5 /* RomanCalculatorTests.xctest */ = {isa = PBXFileReference; explicitFileType = wrapper.cfbundle; includeInIndex = 0; path = RomanCalculatorTests.xctest; sourceTree = BUILT_PRODUCTS_DIR; };
		64619257286C8D4F0077B8A5 /* RomanCalculatorTests.swift */ = {isa = PBXFileReference; lastKnownFileType = sourcecode.swift; path = RomanCalculatorTests.swift; sourceTree = "<group>"; };
		6461925D286C8D4F0077B8A5 /* RomanCalculatorUITests.xctest */ = {isa = PBXFileReference; explicitFileType = wrapper.cfbundle; includeInIndex = 0; path = RomanCalculatorUITests.xctest; sourceTree = BUILT_PRODUCTS_DIR; };
		64619261286C8D4F0077B8A5 /* RomanCalculatorUITests.swift */ = {isa = PBXFileReference; lastKnownFileType = sourcecode.swift; path = RomanCalculatorUITests.swift; sourceTree = "<group>"; };
		64619263286C8D4F0077B8A5 /* RomanCalculatorUITestsLaunchTests.swift */ = {isa = PBXFileReference; lastKnownFileType = sourcecode.swift; path = RomanCalculatorUITestsLaunchTests.swift; sourceTree = "<group>"; };
		64BE558528806C9A001E79DC /* RomanCalculator.swift */ = {isa = PBXFileReference; lastKnownFileType = sourcecode.swift; path = RomanCalculator.swift; sourceTree = "<group>"; };
/* End PBXFileReference section */

/* Begin PBXFrameworksBuildPhase section */
		64619240286C8D4B0077B8A5 /* Frameworks */ = {
			isa = PBXFrameworksBuildPhase;
			buildActionMask = 2147483647;
			files = (
			);
			runOnlyForDeploymentPostprocessing = 0;
		};
		64619250286C8D4F0077B8A5 /* Frameworks */ = {
			isa = PBXFrameworksBuildPhase;
			buildActionMask = 2147483647;
			files = (
			);
			runOnlyForDeploymentPostprocessing = 0;
		};
		6461925A286C8D4F0077B8A5 /* Frameworks */ = {
			isa = PBXFrameworksBuildPhase;
			buildActionMask = 2147483647;
			files = (
			);
			runOnlyForDeploymentPostprocessing = 0;
		};
/* End PBXFrameworksBuildPhase section */

/* Begin PBXGroup section */
		6461923A286C8D4B0077B8A5 = {
			isa = PBXGroup;
			children = (
				64619245286C8D4B0077B8A5 /* RomanCalculator */,
				64619256286C8D4F0077B8A5 /* RomanCalculatorTests */,
				64619260286C8D4F0077B8A5 /* RomanCalculatorUITests */,
				64619244286C8D4B0077B8A5 /* Products */,
			);
			sourceTree = "<group>";
		};
		64619244286C8D4B0077B8A5 /* Products */ = {
			isa = PBXGroup;
			children = (
				64619243286C8D4B0077B8A5 /* RomanCalculator.app */,
				64619253286C8D4F0077B8A5 /* RomanCalculatorTests.xctest */,
				6461925D286C8D4F0077B8A5 /* RomanCalculatorUITests.xctest */,
			);
			name = Products;
			sourceTree = "<group>";
		};
		64619245286C8D4B0077B8A5 /* RomanCalculator */ = {
			isa = PBXGroup;
			children = (
				64619246286C8D4B0077B8A5 /* RomanCalculatorApp.swift */,
				64619248286C8D4B0077B8A5 /* ContentView.swift */,
				64BE558528806C9A001E79DC /* RomanCalculator.swift */,
				6461924A286C8D4E0077B8A5 /* Assets.xcassets */,
				6461924C286C8D4E0077B8A5 /* Preview Content */,
			);
			path = RomanCalculator;
			sourceTree = "<group>";
		};
		6461924C286C8D4E0077B8A5 /* Preview Content */ = {
			isa = PBXGroup;
			children = (
				6461924D286C8D4E0077B8A5 /* Preview Assets.xcassets */,
			);
			path = "Preview Content";
			sourceTree = "<group>";
		};
		64619256286C8D4F0077B8A5 /* RomanCalculatorTests */ = {
			isa = PBXGroup;
			children = (
				64619257286C8D4F0077B8A5 /* RomanCalculatorTests.swift */,
			);
			path = RomanCalculatorTests;
			sourceTree = "<group>";
		};
		64619260286C8D4F0077B8A5 /* RomanCalculatorUITests */ = {
			isa = PBXGroup;
			children = (
				64619261286C8D4F0077B8A5 /* RomanCalculatorUITests.swift */,
				64619263286C8D4F0077B8A5 /* RomanCalculatorUITestsLaunchTests.swift */,
			);
			path = RomanCalculatorUITests;
			sourceTree = "<group>";
		};
/* End PBXGroup section */

/* Begin PBXNativeTarget section */
		64619242286C8D4B0077B8A5 /* RomanCalculator */ = {
			isa = PBXNativeTarget;
			buildConfigurationList = 64619267286C8D4F0077B8A5 /* Build configuration list for PBXNativeTarget "RomanCalculator" */;
			buildPhases = (
				6461923F286C8D4B0077B8A5 /* Sources */,
				64619240286C8D4B0077B8A5 /* Frameworks */,
				64619241286C8D4B0077B8A5 /* Resources */,
			);
			buildRules = (
			);
			dependencies = (
			);
			name = RomanCalculator;
			productName = RomanCalculator;
			productReference = 64619243286C8D4B0077B8A5 /* RomanCalculator.app */;
			productType = "com.apple.product-type.application";
		};
		64619252286C8D4F0077B8A5 /* RomanCalculatorTests */ = {
			isa = PBXNativeTarget;
			buildConfigurationList = 6461926A286C8D4F0077B8A5 /* Build configuration list for PBXNativeTarget "RomanCalculatorTests" */;
			buildPhases = (
				6461924F286C8D4F0077B8A5 /* Sources */,
				64619250286C8D4F0077B8A5 /* Frameworks */,
				64619251286C8D4F0077B8A5 /* Resources */,
			);
			buildRules = (
			);
			dependencies = (
				64619255286C8D4F0077B8A5 /* PBXTargetDependency */,
			);
			name = RomanCalculatorTests;
			productName = RomanCalculatorTests;
			productReference = 64619253286C8D4F0077B8A5 /* RomanCalculatorTests.xctest */;
			productType = "com.apple.product-type.bundle.unit-test";
		};
		6461925C286C8D4F0077B8A5 /* RomanCalculatorUITests */ = {
			isa = PBXNativeTarget;
			buildConfigurationList = 6461926D286C8D4F0077B8A5 /* Build configuration list for PBXNativeTarget "RomanCalculatorUITests" */;
			buildPhases = (
				64619259286C8D4F0077B8A5 /* Sources */,
				6461925A286C8D4F0077B8A5 /* Frameworks */,
				6461925B286C8D4F0077B8A5 /* Resources */,
			);
			buildRules = (
			);
			dependencies = (
				6461925F286C8D4F0077B8A5 /* PBXTargetDependency */,
			);
			name = RomanCalculatorUITests;
			productName = RomanCalculatorUITests;
			productReference = 6461925D286C8D4F0077B8A5 /* RomanCalculatorUITests.xctest */;
			productType = "com.apple.product-type.bundle.ui-testing";
		};
/* End PBXNativeTarget section */

/* Begin PBXProject section */
		6461923B286C8D4B0077B8A5 /* Project object */ = {
			isa = PBXProject;
			attributes = {
				BuildIndependentTargetsInParallel = 1;
				LastSwiftUpdateCheck = 1320;
				LastUpgradeCheck = 1320;
				TargetAttributes = {
					64619242286C8D4B0077B8A5 = {
						CreatedOnToolsVersion = 13.2.1;
					};
					64619252286C8D4F0077B8A5 = {
						CreatedOnToolsVersion = 13.2.1;
						TestTargetID = 64619242286C8D4B0077B8A5;
					};
					6461925C286C8D4F0077B8A5 = {
						CreatedOnToolsVersion = 13.2.1;
						TestTargetID = 64619242286C8D4B0077B8A5;
					};
				};
			};
			buildConfigurationList = 6461923E286C8D4B0077B8A5 /* Build configuration list for PBXProject "RomanCalculator" */;
			compatibilityVersion = "Xcode 13.0";
			developmentRegion = en;
			hasScannedForEncodings = 0;
			knownRegions = (
				en,
				Base,
			);
			mainGroup = 6461923A286C8D4B0077B8A5;
			productRefGroup = 64619244286C8D4B0077B8A5 /* Products */;
			projectDirPath = "";
			projectRoot = "";
			targets = (
				64619242286C8D4B0077B8A5 /* RomanCalculator */,
				64619252286C8D4F0077B8A5 /* RomanCalculatorTests */,
				6461925C286C8D4F0077B8A5 /* RomanCalculatorUITests */,
			);
		};
/* End PBXProject section */

/* Begin PBXResourcesBuildPhase section */
		64619241286C8D4B0077B8A5 /* Resources */ = {
			isa = PBXResourcesBuildPhase;
			buildActionMask = 2147483647;
			files = (
				6461924E286C8D4E0077B8A5 /* Preview Assets.xcassets in Resources */,
				6461924B286C8D4E0077B8A5 /* Assets.xcassets in Resources */,
			);
			runOnlyForDeploymentPostprocessing = 0;
		};
		64619251286C8D4F0077B8A5 /* Resources */ = {
			isa = PBXResourcesBuildPhase;
			buildActionMask = 2147483647;
			files = (
			);
			runOnlyForDeploymentPostprocessing = 0;
		};
		6461925B286C8D4F0077B8A5 /* Resources */ = {
			isa = PBXResourcesBuildPhase;
			buildActionMask = 2147483647;
			files = (
			);
			runOnlyForDeploymentPostprocessing = 0;
		};
/* End PBXResourcesBuildPhase section */

/* Begin PBXSourcesBuildPhase section */
		6461923F286C8D4B0077B8A5 /* Sources */ = {
			isa = PBXSourcesBuildPhase;
			buildActionMask = 2147483647;
			files = (
				64619249286C8D4B0077B8A5 /* ContentView.swift in Sources */,
				64619247286C8D4B0077B8A5 /* RomanCalculatorApp.swift in Sources */,
				64BE558628806C9A001E79DC /* RomanCalculator.swift in Sources */,
			);
			runOnlyForDeploymentPostprocessing = 0;
		};
		6461924F286C8D4F0077B8A5 /* Sources */ = {
			isa = PBXSourcesBuildPhase;
			buildActionMask = 2147483647;
			files = (
				64619258286C8D4F0077B8A5 /* RomanCalculatorTests.swift in Sources */,
			);
			runOnlyForDeploymentPostprocessing = 0;
		};
		64619259286C8D4F0077B8A5 /* Sources */ = {
			isa = PBXSourcesBuildPhase;
			buildActionMask = 2147483647;
			files = (
				64619264286C8D4F0077B8A5 /* RomanCalculatorUITestsLaunchTests.swift in Sources */,
				64619262286C8D4F0077B8A5 /* RomanCalculatorUITests.swift in Sources */,
			);
			runOnlyForDeploymentPostprocessing = 0;
		};
/* End PBXSourcesBuildPhase section */

/* Begin PBXTargetDependency section */
		64619255286C8D4F0077B8A5 /* PBXTargetDependency */ = {
			isa = PBXTargetDependency;
			target = 64619242286C8D4B0077B8A5 /* RomanCalculator */;
			targetProxy = 64619254286C8D4F0077B8A5 /* PBXContainerItemProxy */;
		};
		6461925F286C8D4F0077B8A5 /* PBXTargetDependency */ = {
			isa = PBXTargetDependency;
			target = 64619242286C8D4B0077B8A5 /* RomanCalculator */;
			targetProxy = 6461925E286C8D4F0077B8A5 /* PBXContainerItemProxy */;
		};
/* End PBXTargetDependency section */

/* Begin XCBuildConfiguration section */
		64619265286C8D4F0077B8A5 /* Debug */ = {
			isa = XCBuildConfiguration;
			buildSettings = {
				ALWAYS_SEARCH_USER_PATHS = NO;
				CLANG_ANALYZER_NONNULL = YES;
				CLANG_ANALYZER_NUMBER_OBJECT_CONVERSION = YES_AGGRESSIVE;
				CLANG_CXX_LANGUAGE_STANDARD = "gnu++17";
				CLANG_CXX_LIBRARY = "libc++";
				CLANG_ENABLE_MODULES = YES;
				CLANG_ENABLE_OBJC_ARC = YES;
				CLANG_ENABLE_OBJC_WEAK = YES;
				CLANG_WARN_BLOCK_CAPTURE_AUTORELEASING = YES;
				CLANG_WARN_BOOL_CONVERSION = YES;
				CLANG_WARN_COMMA = YES;
				CLANG_WARN_CONSTANT_CONVERSION = YES;
				CLANG_WARN_DEPRECATED_OBJC_IMPLEMENTATIONS = YES;
				CLANG_WARN_DIRECT_OBJC_ISA_USAGE = YES_ERROR;
				CLANG_WARN_DOCUMENTATION_COMMENTS = YES;
				CLANG_WARN_EMPTY_BODY = YES;
				CLANG_WARN_ENUM_CONVERSION = YES;
				CLANG_WARN_INFINITE_RECURSION = YES;
				CLANG_WARN_INT_CONVERSION = YES;
				CLANG_WARN_NON_LITERAL_NULL_CONVERSION = YES;
				CLANG_WARN_OBJC_IMPLICIT_RETAIN_SELF = YES;
				CLANG_WARN_OBJC_LITERAL_CONVERSION = YES;
				CLANG_WARN_OBJC_ROOT_CLASS = YES_ERROR;
				CLANG_WARN_QUOTED_INCLUDE_IN_FRAMEWORK_HEADER = YES;
				CLANG_WARN_RANGE_LOOP_ANALYSIS = YES;
				CLANG_WARN_STRICT_PROTOTYPES = YES;
				CLANG_WARN_SUSPICIOUS_MOVE = YES;
				CLANG_WARN_UNGUARDED_AVAILABILITY = YES_AGGRESSIVE;
				CLANG_WARN_UNREACHABLE_CODE = YES;
				CLANG_WARN__DUPLICATE_METHOD_MATCH = YES;
				COPY_PHASE_STRIP = NO;
				DEBUG_INFORMATION_FORMAT = dwarf;
				ENABLE_STRICT_OBJC_MSGSEND = YES;
				ENABLE_TESTABILITY = YES;
				GCC_C_LANGUAGE_STANDARD = gnu11;
				GCC_DYNAMIC_NO_PIC = NO;
				GCC_NO_COMMON_BLOCKS = YES;
				GCC_OPTIMIZATION_LEVEL = 0;
				GCC_PREPROCESSOR_DEFINITIONS = (
					"DEBUG=1",
					"$(inherited)",
				);
				GCC_WARN_64_TO_32_BIT_CONVERSION = YES;
				GCC_WARN_ABOUT_RETURN_TYPE = YES_ERROR;
				GCC_WARN_UNDECLARED_SELECTOR = YES;
				GCC_WARN_UNINITIALIZED_AUTOS = YES_AGGRESSIVE;
				GCC_WARN_UNUSED_FUNCTION = YES;
				GCC_WARN_UNUSED_VARIABLE = YES;
				IPHONEOS_DEPLOYMENT_TARGET = 15.2;
				MTL_ENABLE_DEBUG_INFO = INCLUDE_SOURCE;
				MTL_FAST_MATH = YES;
				ONLY_ACTIVE_ARCH = YES;
				SDKROOT = iphoneos;
				SWIFT_ACTIVE_COMPILATION_CONDITIONS = DEBUG;
				SWIFT_OPTIMIZATION_LEVEL = "-Onone";
			};
			name = Debug;
		};
		64619266286C8D4F0077B8A5 /* Release */ = {
			isa = XCBuildConfiguration;
			buildSettings = {
				ALWAYS_SEARCH_USER_PATHS = NO;
				CLANG_ANALYZER_NONNULL = YES;
				CLANG_ANALYZER_NUMBER_OBJECT_CONVERSION = YES_AGGRESSIVE;
				CLANG_CXX_LANGUAGE_STANDARD = "gnu++17";
				CLANG_CXX_LIBRARY = "libc++";
				CLANG_ENABLE_MODULES = YES;
				CLANG_ENABLE_OBJC_ARC = YES;
				CLANG_ENABLE_OBJC_WEAK = YES;
				CLANG_WARN_BLOCK_CAPTURE_AUTORELEASING = YES;
				CLANG_WARN_BOOL_CONVERSION = YES;
				CLANG_WARN_COMMA = YES;
				CLANG_WARN_CONSTANT_CONVERSION = YES;
				CLANG_WARN_DEPRECATED_OBJC_IMPLEMENTATIONS = YES;
				CLANG_WARN_DIRECT_OBJC_ISA_USAGE = YES_ERROR;
				CLANG_WARN_DOCUMENTATION_COMMENTS = YES;
				CLANG_WARN_EMPTY_BODY = YES;
				CLANG_WARN_ENUM_CONVERSION = YES;
				CLANG_WARN_INFINITE_RECURSION = YES;
				CLANG_WARN_INT_CONVERSION = YES;
				CLANG_WARN_NON_LITERAL_NULL_CONVERSION = YES;
				CLANG_WARN_OBJC_IMPLICIT_RETAIN_SELF = YES;
				CLANG_WARN_OBJC_LITERAL_CONVERSION = YES;
				CLANG_WARN_OBJC_ROOT_CLASS = YES_ERROR;
				CLANG_WARN_QUOTED_INCLUDE_IN_FRAMEWORK_HEADER = YES;
				CLANG_WARN_RANGE_LOOP_ANALYSIS = YES;
				CLANG_WARN_STRICT_PROTOTYPES = YES;
				CLANG_WARN_SUSPICIOUS_MOVE = YES;
				CLANG_WARN_UNGUARDED_AVAILABILITY = YES_AGGRESSIVE;
				CLANG_WARN_UNREACHABLE_CODE = YES;
				CLANG_WARN__DUPLICATE_METHOD_MATCH = YES;
				COPY_PHASE_STRIP = NO;
				DEBUG_INFORMATION_FORMAT = "dwarf-with-dsym";
				ENABLE_NS_ASSERTIONS = NO;
				ENABLE_STRICT_OBJC_MSGSEND = YES;
				GCC_C_LANGUAGE_STANDARD = gnu11;
				GCC_NO_COMMON_BLOCKS = YES;
				GCC_WARN_64_TO_32_BIT_CONVERSION = YES;
				GCC_WARN_ABOUT_RETURN_TYPE = YES_ERROR;
				GCC_WARN_UNDECLARED_SELECTOR = YES;
				GCC_WARN_UNINITIALIZED_AUTOS = YES_AGGRESSIVE;
				GCC_WARN_UNUSED_FUNCTION = YES;
				GCC_WARN_UNUSED_VARIABLE = YES;
				IPHONEOS_DEPLOYMENT_TARGET = 15.2;
				MTL_ENABLE_DEBUG_INFO = NO;
				MTL_FAST_MATH = YES;
				SDKROOT = iphoneos;
				SWIFT_COMPILATION_MODE = wholemodule;
				SWIFT_OPTIMIZATION_LEVEL = "-O";
				VALIDATE_PRODUCT = YES;
			};
			name = Release;
		};
		64619268286C8D4F0077B8A5 /* Debug */ = {
			isa = XCBuildConfiguration;
			buildSettings = {
				ASSETCATALOG_COMPILER_APPICON_NAME = AppIcon;
				ASSETCATALOG_COMPILER_GLOBAL_ACCENT_COLOR_NAME = AccentColor;
				CODE_SIGN_STYLE = Automatic;
				CURRENT_PROJECT_VERSION = 1;
				DEVELOPMENT_ASSET_PATHS = "\"RomanCalculator/Preview Content\"";
				ENABLE_PREVIEWS = YES;
				GENERATE_INFOPLIST_FILE = YES;
				INFOPLIST_KEY_UIApplicationSceneManifest_Generation = YES;
				INFOPLIST_KEY_UIApplicationSupportsIndirectInputEvents = YES;
				INFOPLIST_KEY_UILaunchScreen_Generation = YES;
				INFOPLIST_KEY_UISupportedInterfaceOrientations_iPad = "UIInterfaceOrientationPortrait UIInterfaceOrientationPortraitUpsideDown UIInterfaceOrientationLandscapeLeft UIInterfaceOrientationLandscapeRight";
				INFOPLIST_KEY_UISupportedInterfaceOrientations_iPhone = "UIInterfaceOrientationPortrait UIInterfaceOrientationLandscapeLeft UIInterfaceOrientationLandscapeRight";
				LD_RUNPATH_SEARCH_PATHS = (
					"$(inherited)",
					"@executable_path/Frameworks",
				);
				MARKETING_VERSION = 1.0;
				PRODUCT_BUNDLE_IDENTIFIER = nguyen.RomanCalculator;
				PRODUCT_NAME = "$(TARGET_NAME)";
				SWIFT_EMIT_LOC_STRINGS = YES;
				SWIFT_VERSION = 5.0;
				TARGETED_DEVICE_FAMILY = "1,2";
			};
			name = Debug;
		};
		64619269286C8D4F0077B8A5 /* Release */ = {
			isa = XCBuildConfiguration;
			buildSettings = {
				ASSETCATALOG_COMPILER_APPICON_NAME = AppIcon;
				ASSETCATALOG_COMPILER_GLOBAL_ACCENT_COLOR_NAME = AccentColor;
				CODE_SIGN_STYLE = Automatic;
				CURRENT_PROJECT_VERSION = 1;
				DEVELOPMENT_ASSET_PATHS = "\"RomanCalculator/Preview Content\"";
				ENABLE_PREVIEWS = YES;
				GENERATE_INFOPLIST_FILE = YES;
				INFOPLIST_KEY_UIApplicationSceneManifest_Generation = YES;
				INFOPLIST_KEY_UIApplicationSupportsIndirectInputEvents = YES;
				INFOPLIST_KEY_UILaunchScreen_Generation = YES;
				INFOPLIST_KEY_UISupportedInterfaceOrientations_iPad = "UIInterfaceOrientationPortrait UIInterfaceOrientationPortraitUpsideDown UIInterfaceOrientationLandscapeLeft UIInterfaceOrientationLandscapeRight";
				INFOPLIST_KEY_UISupportedInterfaceOrientations_iPhone = "UIInterfaceOrientationPortrait UIInterfaceOrientationLandscapeLeft UIInterfaceOrientationLandscapeRight";
				LD_RUNPATH_SEARCH_PATHS = (
					"$(inherited)",
					"@executable_path/Frameworks",
				);
				MARKETING_VERSION = 1.0;
				PRODUCT_BUNDLE_IDENTIFIER = nguyen.RomanCalculator;
				PRODUCT_NAME = "$(TARGET_NAME)";
				SWIFT_EMIT_LOC_STRINGS = YES;
				SWIFT_VERSION = 5.0;
				TARGETED_DEVICE_FAMILY = "1,2";
			};
			name = Release;
		};
		6461926B286C8D4F0077B8A5 /* Debug */ = {
			isa = XCBuildConfiguration;
			buildSettings = {
				ALWAYS_EMBED_SWIFT_STANDARD_LIBRARIES = YES;
				BUNDLE_LOADER = "$(TEST_HOST)";
				CODE_SIGN_STYLE = Automatic;
				CURRENT_PROJECT_VERSION = 1;
				GENERATE_INFOPLIST_FILE = YES;
				IPHONEOS_DEPLOYMENT_TARGET = 15.2;
				MARKETING_VERSION = 1.0;
				PRODUCT_BUNDLE_IDENTIFIER = nguyen.RomanCalculatorTests;
				PRODUCT_NAME = "$(TARGET_NAME)";
				SWIFT_EMIT_LOC_STRINGS = NO;
				SWIFT_VERSION = 5.0;
				TARGETED_DEVICE_FAMILY = "1,2";
				TEST_HOST = "$(BUILT_PRODUCTS_DIR)/RomanCalculator.app/RomanCalculator";
			};
			name = Debug;
		};
		6461926C286C8D4F0077B8A5 /* Release */ = {
			isa = XCBuildConfiguration;
			buildSettings = {
				ALWAYS_EMBED_SWIFT_STANDARD_LIBRARIES = YES;
				BUNDLE_LOADER = "$(TEST_HOST)";
				CODE_SIGN_STYLE = Automatic;
				CURRENT_PROJECT_VERSION = 1;
				GENERATE_INFOPLIST_FILE = YES;
				IPHONEOS_DEPLOYMENT_TARGET = 15.2;
				MARKETING_VERSION = 1.0;
				PRODUCT_BUNDLE_IDENTIFIER = nguyen.RomanCalculatorTests;
				PRODUCT_NAME = "$(TARGET_NAME)";
				SWIFT_EMIT_LOC_STRINGS = NO;
				SWIFT_VERSION = 5.0;
				TARGETED_DEVICE_FAMILY = "1,2";
				TEST_HOST = "$(BUILT_PRODUCTS_DIR)/RomanCalculator.app/RomanCalculator";
			};
			name = Release;
		};
		6461926E286C8D4F0077B8A5 /* Debug */ = {
			isa = XCBuildConfiguration;
			buildSettings = {
				ALWAYS_EMBED_SWIFT_STANDARD_LIBRARIES = YES;
				CODE_SIGN_STYLE = Automatic;
				CURRENT_PROJECT_VERSION = 1;
				GENERATE_INFOPLIST_FILE = YES;
				MARKETING_VERSION = 1.0;
				PRODUCT_BUNDLE_IDENTIFIER = nguyen.RomanCalculatorUITests;
				PRODUCT_NAME = "$(TARGET_NAME)";
				SWIFT_EMIT_LOC_STRINGS = NO;
				SWIFT_VERSION = 5.0;
				TARGETED_DEVICE_FAMILY = "1,2";
				TEST_TARGET_NAME = RomanCalculator;
			};
			name = Debug;
		};
		6461926F286C8D4F0077B8A5 /* Release */ = {
			isa = XCBuildConfiguration;
			buildSettings = {
				ALWAYS_EMBED_SWIFT_STANDARD_LIBRARIES = YES;
				CODE_SIGN_STYLE = Automatic;
				CURRENT_PROJECT_VERSION = 1;
				GENERATE_INFOPLIST_FILE = YES;
				MARKETING_VERSION = 1.0;
				PRODUCT_BUNDLE_IDENTIFIER = nguyen.RomanCalculatorUITests;
				PRODUCT_NAME = "$(TARGET_NAME)";
				SWIFT_EMIT_LOC_STRINGS = NO;
				SWIFT_VERSION = 5.0;
				TARGETED_DEVICE_FAMILY = "1,2";
				TEST_TARGET_NAME = RomanCalculator;
			};
			name = Release;
		};
/* End XCBuildConfiguration section */

/* Begin XCConfigurationList section */
		6461923E286C8D4B0077B8A5 /* Build configuration list for PBXProject "RomanCalculator" */ = {
			isa = XCConfigurationList;
			buildConfigurations = (
				64619265286C8D4F0077B8A5 /* Debug */,
				64619266286C8D4F0077B8A5 /* Release */,
			);
			defaultConfigurationIsVisible = 0;
			defaultConfigurationName = Release;
		};
		64619267286C8D4F0077B8A5 /* Build configuration list for PBXNativeTarget "RomanCalculator" */ = {
			isa = XCConfigurationList;
			buildConfigurations = (
				64619268286C8D4F0077B8A5 /* Debug */,
				64619269286C8D4F0077B8A5 /* Release */,
			);
			defaultConfigurationIsVisible = 0;
			defaultConfigurationName = Release;
		};
		6461926A286C8D4F0077B8A5 /* Build configuration list for PBXNativeTarget "RomanCalculatorTests" */ = {
			isa = XCConfigurationList;
			buildConfigurations = (
				6461926B286C8D4F0077B8A5 /* Debug */,
				6461926C286C8D4F0077B8A5 /* Release */,
			);
			defaultConfigurationIsVisible = 0;
			defaultConfigurationName = Release;
		};
		6461926D286C8D4F0077B8A5 /* Build configuration list for PBXNativeTarget "RomanCalculatorUITests" */ = {
			isa = XCConfigurationList;
			buildConfigurations = (
				6461926E286C8D4F0077B8A5 /* Debug */,
				6461926F286C8D4F0077B8A5 /* Release */,
			);
			defaultConfigurationIsVisible = 0;
			defaultConfigurationName = Release;
		};
/* End XCConfigurationList section */
	};
	rootObject = 6461923B286C8D4B0077B8A5 /* Project object */;
}
